
Microsoft Visual Studio Solution File, Format Version 12.00
# Visual Studio Version 17
VisualStudioVersion = 17.4.33213.308
MinimumVisualStudioVersion = 10.0.40219.1
Project("{FAE04EC0-301F-11D3-BF4B-00C04F79EFBC}") = "TestSources.Examples.Xunit", "TestSources.Examples.Xunit\TestSources.Examples.Xunit.csproj", "{E6BAE1DF-7957-4BEE-BF72-DB4A44C56CCC}"
EndProject
Global
	GlobalSection(SolutionConfigurationPlatforms) = preSolution
		Debug|Any CPU = Debug|Any CPU
		Release|Any CPU = Release|Any CPU
	EndGlobalSection
	GlobalSection(ProjectConfigurationPlatforms) = postSolution
		{E6BAE1DF-7957-4BEE-BF72-DB4A44C56CCC}.Debug|Any CPU.ActiveCfg = Debug|Any CPU
		{E6BAE1DF-7957-4BEE-BF72-DB4A44C56CCC}.Debug|Any CPU.Build.0 = Debug|Any CPU
		{E6BAE1DF-7957-4BEE-BF72-DB4A44C56CCC}.Release|Any CPU.ActiveCfg = Release|Any CPU
		{E6BAE1DF-7957-4BEE-BF72-DB4A44C56CCC}.Release|Any CPU.Build.0 = Release|Any CPU
	EndGlobalSection
	GlobalSection(SolutionProperties) = preSolution
		HideSolutionNode = FALSE
	EndGlobalSection
	GlobalSection(ExtensibilityGlobals) = postSolution
		SolutionGuid = {9B852397-8717-41C6-8733-B2F6D7341725}
	EndGlobalSection
EndGlobal
