
Microsoft Visual Studio Solution File, Format Version 12.00
# Visual Studio Version 17
VisualStudioVersion = 17.4.33213.308
MinimumVisualStudioVersion = 10.0.40219.1
Project("{9A19103F-16F7-4668-BE54-9A1E7A4F7556}") = "TestSources", "TestSources\TestSources.csproj", "{3C485BE1-2F33-4595-9B8F-09B21A38324F}"
EndProject
Project("{9A19103F-16F7-4668-BE54-9A1E7A4F7556}") = "TestSources.Tests", "TestSources.Tests\TestSources.Tests.csproj", "{9499BC60-4B64-4B9D-B118-70BB029E04CF}"
EndProject
Project("{2150E333-8FDC-42A3-9474-1A3956D46DE8}") = "Solution", "Solution", "{34D89B68-F86E-482B-8B29-8F9CFB338A54}"
	ProjectSection(SolutionItems) = preProject
		Dependencies.props = Dependencies.props
		Directory.Build.props = Directory.Build.props
		Directory.Build.targets = Directory.Build.targets
		ResourceProject.props = ResourceProject.props
		TestProject.props = TestProject.props
		Version.props = Version.props
	EndProjectSection
EndProject
Global
	GlobalSection(SolutionConfigurationPlatforms) = preSolution
		Debug|Any CPU = Debug|Any CPU
		Release|Any CPU = Release|Any CPU
	EndGlobalSection
	GlobalSection(ProjectConfigurationPlatforms) = postSolution
		{3C485BE1-2F33-4595-9B8F-09B21A38324F}.Debug|Any CPU.ActiveCfg = Debug|Any CPU
		{3C485BE1-2F33-4595-9B8F-09B21A38324F}.Debug|Any CPU.Build.0 = Debug|Any CPU
		{3C485BE1-2F33-4595-9B8F-09B21A38324F}.Release|Any CPU.ActiveCfg = Release|Any CPU
		{3C485BE1-2F33-4595-9B8F-09B21A38324F}.Release|Any CPU.Build.0 = Release|Any CPU
		{9499BC60-4B64-4B9D-B118-70BB029E04CF}.Debug|Any CPU.ActiveCfg = Debug|Any CPU
		{9499BC60-4B64-4B9D-B118-70BB029E04CF}.Debug|Any CPU.Build.0 = Debug|Any CPU
		{9499BC60-4B64-4B9D-B118-70BB029E04CF}.Release|Any CPU.ActiveCfg = Release|Any CPU
		{9499BC60-4B64-4B9D-B118-70BB029E04CF}.Release|Any CPU.Build.0 = Release|Any CPU
	EndGlobalSection
	GlobalSection(SolutionProperties) = preSolution
		HideSolutionNode = FALSE
	EndGlobalSection
	GlobalSection(ExtensibilityGlobals) = postSolution
		SolutionGuid = {9B8F0A3C-0C31-4373-8F0F-A6549C66A1AC}
	EndGlobalSection
EndGlobal
